Microsoft Visual Studio Solution File, Format Version 12.00
# Visual Studio Version 18
VisualStudioVersion = 18.4.11519.219
MinimumVisualStudioVersion = 10.0.40219.1
Project("{8BC9CEB8-8B4A-11D0-8D11-00A0C91BC942}") = "Cravex", "Executor\Cravex.vcxproj", "{ABC12345-6789-0ABC-DEF1-234567890ABC}"
EndProject
Project("{FAE04EC0-301F-11D3-BF4B-00C04F79EFBC}") = "CravexUI", "CravexUI\CravexUI.csproj", "{DEF67890-1234-0000-0000-000000000000}"
	ProjectSection(ProjectDependencies) = postProject
		{ABC12345-6789-0ABC-DEF1-234567890ABC} = {ABC12345-6789-0ABC-DEF1-234567890ABC}
	EndProjectSection
EndProject
Project("{8BC9CEB8-8B4A-11D0-8D11-00A0C91BC942}") = "Caller", "Caller\externalsploit\externalsploit.vcxproj", "{E5F2496C-229A-46CA-8427-091BB892C94C}"
EndProject
Global
	GlobalSection(SolutionConfigurationPlatforms) = preSolution
		Debug|x64 = Debug|x64
		Release|x64 = Release|x64
	EndGlobalSection
	GlobalSection(ProjectConfigurationPlatforms) = postSolution
		{ABC12345-6789-0ABC-DEF1-234567890ABC}.Debug|x64.ActiveCfg = Debug|x64
		{ABC12345-6789-0ABC-DEF1-234567890ABC}.Debug|x64.Build.0 = Debug|x64
		{ABC12345-6789-0ABC-DEF1-234567890ABC}.Release|x64.ActiveCfg = Release|x64
		{ABC12345-6789-0ABC-DEF1-234567890ABC}.Release|x64.Build.0 = Release|x64
		{DEF67890-1234-0000-0000-000000000000}.Debug|x64.ActiveCfg = Debug|x64
		{DEF67890-1234-0000-0000-000000000000}.Debug|x64.Build.0 = Debug|x64
		{DEF67890-1234-0000-0000-000000000000}.Release|x64.ActiveCfg = Release|x64
		{DEF67890-1234-0000-0000-000000000000}.Release|x64.Build.0 = Release|x64
		{E5F2496C-229A-46CA-8427-091BB892C94C}.Debug|x64.ActiveCfg = Debug|x64
		{E5F2496C-229A-46CA-8427-091BB892C94C}.Debug|x64.Build.0 = Debug|x64
		{E5F2496C-229A-46CA-8427-091BB892C94C}.Release|x64.ActiveCfg = Release|x64
		{E5F2496C-229A-46CA-8427-091BB892C94C}.Release|x64.Build.0 = Release|x64
	EndGlobalSection
	GlobalSection(SolutionProperties) = preSolution
		HideSolutionNode = FALSE
	EndGlobalSection
	GlobalSection(ExtensibilityGlobals) = postSolution
		SolutionGuid = {4B5BE5DB-C095-4F32-899D-7DD32A03F28A}
	EndGlobalSection
EndGlobal
